
Microsoft Visual Studio Solution File, Format Version 12.00
# Visual Studio Version 16
VisualStudioVersion = 16.0.31624.102
MinimumVisualStudioVersion = 10.0.40219.1
Project("{9A19103F-16F7-4668-BE54-9A1E7A4F7556}") = "IoC", "IoC\IoC.csproj", "{9FB5BDE1-4211-469B-99D5-A3CCCD02E0A4}"
EndProject
Project("{9A19103F-16F7-4668-BE54-9A1E7A4F7556}") = "SEPFramework", "UI\SEPFramework.csproj", "{37F7D120-C180-4477-BF39-1C05A6BE1BC5}"
EndProject
Project("{9A19103F-16F7-4668-BE54-9A1E7A4F7556}") = "ClientDemo", "ClientDemo\ClientDemo.csproj", "{B1E4C020-DDBD-458A-B8D6-64C0FADECEF1}"
EndProject
Project("{9A19103F-16F7-4668-BE54-9A1E7A4F7556}") = "Core", "Core\Core.csproj", "{957FC3CF-C921-472F-AE19-2E737F5052A8}"
EndProject
Project("{9A19103F-16F7-4668-BE54-9A1E7A4F7556}") = "Membership_v2", "Membership\Membership_v2.csproj", "{7555E80C-3627-49A7-BA0E-245D6FAFE1B3}"
EndProject
Project("{9A19103F-16F7-4668-BE54-9A1E7A4F7556}") = "HelperLibrary", "HelperLibrary\HelperLibrary.csproj", "{BD099C08-9DCC-46C3-B055-937905C01C6A}"
EndProject
Global
	GlobalSection(SolutionConfigurationPlatforms) = preSolution
		Debug|Any CPU = Debug|Any CPU
		Release|Any CPU = Release|Any CPU
	EndGlobalSection
	GlobalSection(ProjectConfigurationPlatforms) = postSolution
		{9FB5BDE1-4211-469B-99D5-A3CCCD02E0A4}.Debug|Any CPU.ActiveCfg = Debug|Any CPU
		{9FB5BDE1-4211-469B-99D5-A3CCCD02E0A4}.Debug|Any CPU.Build.0 = Debug|Any CPU
		{9FB5BDE1-4211-469B-99D5-A3CCCD02E0A4}.Release|Any CPU.ActiveCfg = Release|Any CPU
		{9FB5BDE1-4211-469B-99D5-A3CCCD02E0A4}.Release|Any CPU.Build.0 = Release|Any CPU
		{37F7D120-C180-4477-BF39-1C05A6BE1BC5}.Debug|Any CPU.ActiveCfg = Debug|Any CPU
		{37F7D120-C180-4477-BF39-1C05A6BE1BC5}.Debug|Any CPU.Build.0 = Debug|Any CPU
		{37F7D120-C180-4477-BF39-1C05A6BE1BC5}.Release|Any CPU.ActiveCfg = Release|Any CPU
		{37F7D120-C180-4477-BF39-1C05A6BE1BC5}.Release|Any CPU.Build.0 = Release|Any CPU
		{B1E4C020-DDBD-458A-B8D6-64C0FADECEF1}.Debug|Any CPU.ActiveCfg = Debug|Any CPU
		{B1E4C020-DDBD-458A-B8D6-64C0FADECEF1}.Debug|Any CPU.Build.0 = Debug|Any CPU
		{B1E4C020-DDBD-458A-B8D6-64C0FADECEF1}.Release|Any CPU.ActiveCfg = Release|Any CPU
		{B1E4C020-DDBD-458A-B8D6-64C0FADECEF1}.Release|Any CPU.Build.0 = Release|Any CPU
		{957FC3CF-C921-472F-AE19-2E737F5052A8}.Debug|Any CPU.ActiveCfg = Debug|Any CPU
		{957FC3CF-C921-472F-AE19-2E737F5052A8}.Debug|Any CPU.Build.0 = Debug|Any CPU
		{957FC3CF-C921-472F-AE19-2E737F5052A8}.Release|Any CPU.ActiveCfg = Release|Any CPU
		{957FC3CF-C921-472F-AE19-2E737F5052A8}.Release|Any CPU.Build.0 = Release|Any CPU
		{7555E80C-3627-49A7-BA0E-245D6FAFE1B3}.Debug|Any CPU.ActiveCfg = Debug|Any CPU
		{7555E80C-3627-49A7-BA0E-245D6FAFE1B3}.Debug|Any CPU.Build.0 = Debug|Any CPU
		{7555E80C-3627-49A7-BA0E-245D6FAFE1B3}.Release|Any CPU.ActiveCfg = Release|Any CPU
		{7555E80C-3627-49A7-BA0E-245D6FAFE1B3}.Release|Any CPU.Build.0 = Release|Any CPU
		{BD099C08-9DCC-46C3-B055-937905C01C6A}.Debug|Any CPU.ActiveCfg = Debug|Any CPU
		{BD099C08-9DCC-46C3-B055-937905C01C6A}.Debug|Any CPU.Build.0 = Debug|Any CPU
		{BD099C08-9DCC-46C3-B055-937905C01C6A}.Release|Any CPU.ActiveCfg = Release|Any CPU
		{BD099C08-9DCC-46C3-B055-937905C01C6A}.Release|Any CPU.Build.0 = Release|Any CPU
	EndGlobalSection
	GlobalSection(SolutionProperties) = preSolution
		HideSolutionNode = FALSE
	EndGlobalSection
	GlobalSection(ExtensibilityGlobals) = postSolution
		SolutionGuid = {3E7A0B4A-DD53-49D5-AA75-3DA69F32CF47}
	EndGlobalSection
EndGlobal
